
Microsoft Visual Studio Solution File, Format Version 12.00
# Visual Studio 15
VisualStudioVersion = 15.0.28307.168
MinimumVisualStudioVersion = 10.0.40219.1
Project("{FAE04EC0-301F-11D3-BF4B-00C04F79EFBC}") = "MicrobitBluetooth_Mobile.Android", "MicrobitBluetooth_Mobile\MicrobitBluetooth_Mobile.Android\MicrobitBluetooth_Mobile.Android.csproj", "{8654E488-5A45-457E-9B47-29D5AC32B714}"
EndProject
Project("{FAE04EC0-301F-11D3-BF4B-00C04F79EFBC}") = "MicrobitBluetooth_Mobile.iOS", "MicrobitBluetooth_Mobile\MicrobitBluetooth_Mobile.iOS\MicrobitBluetooth_Mobile.iOS.csproj", "{03F09633-9BC3-4594-A909-FF72716BBE39}"
EndProject
Project("{FAE04EC0-301F-11D3-BF4B-00C04F79EFBC}") = "MicrobitBluetooth_Mobile.UWP", "MicrobitBluetooth_Mobile\MicrobitBluetooth_Mobile.UWP\MicrobitBluetooth_Mobile.UWP.csproj", "{F675FF7E-D5E9-4426-B1DE-024EDE5AEC12}"
EndProject
Project("{FAE04EC0-301F-11D3-BF4B-00C04F79EFBC}") = "MicrobitBluetooth_Mobile", "MicrobitBluetooth_Mobile\MicrobitBluetooth_Mobile\MicrobitBluetooth_Mobile.csproj", "{689E9A05-470D-439E-938C-39964CABD8C6}"
EndProject
Global
	GlobalSection(SolutionConfigurationPlatforms) = preSolution
		Ad-Hoc|Any CPU = Ad-Hoc|Any CPU
		Ad-Hoc|ARM = Ad-Hoc|ARM
		Ad-Hoc|iPhone = Ad-Hoc|iPhone
		Ad-Hoc|iPhoneSimulator = Ad-Hoc|iPhoneSimulator
		Ad-Hoc|x64 = Ad-Hoc|x64
		Ad-Hoc|x86 = Ad-Hoc|x86
		AppStore|Any CPU = AppStore|Any CPU
		AppStore|ARM = AppStore|ARM
		AppStore|iPhone = AppStore|iPhone
		AppStore|iPhoneSimulator = AppStore|iPhoneSimulator
		AppStore|x64 = AppStore|x64
		AppStore|x86 = AppStore|x86
		Debug|Any CPU = Debug|Any CPU
		Debug|ARM = Debug|ARM
		Debug|iPhone = Debug|iPhone
		Debug|iPhoneSimulator = Debug|iPhoneSimulator
		Debug|x64 = Debug|x64
		Debug|x86 = Debug|x86
		Release|Any CPU = Release|Any CPU
		Release|ARM = Release|ARM
		Release|iPhone = Release|iPhone
		Release|iPhoneSimulator = Release|iPhoneSimulator
		Release|x64 = Release|x64
		Release|x86 = Release|x86
	EndGlobalSection
	GlobalSection(ProjectConfigurationPlatforms) = postSolution
		{8654E488-5A45-457E-9B47-29D5AC32B714}.Ad-Hoc|Any CPU.ActiveCfg = Release|Any CPU
		{8654E488-5A45-457E-9B47-29D5AC32B714}.Ad-Hoc|Any CPU.Build.0 = Release|Any CPU
		{8654E488-5A45-457E-9B47-29D5AC32B714}.Ad-Hoc|Any CPU.Deploy.0 = Release|Any CPU
		{8654E488-5A45-457E-9B47-29D5AC32B714}.Ad-Hoc|ARM.ActiveCfg = Release|Any CPU
		{8654E488-5A45-457E-9B47-29D5AC32B714}.Ad-Hoc|ARM.Build.0 = Release|Any CPU
		{8654E488-5A45-457E-9B47-29D5AC32B714}.Ad-Hoc|ARM.Deploy.0 = Release|Any CPU
		{8654E488-5A45-457E-9B47-29D5AC32B714}.Ad-Hoc|iPhone.ActiveCfg = Release|Any CPU
		{8654E488-5A45-457E-9B47-29D5AC32B714}.Ad-Hoc|iPhone.Build.0 = Release|Any CPU
		{8654E488-5A45-457E-9B47-29D5AC32B714}.Ad-Hoc|iPhone.Deploy.0 = Release|Any CPU
		{8654E488-5A45-457E-9B47-29D5AC32B714}.Ad-Hoc|iPhoneSimulator.ActiveCfg = Release|Any CPU
		{8654E488-5A45-457E-9B47-29D5AC32B714}.Ad-Hoc|iPhoneSimulator.Build.0 = Release|Any CPU
		{8654E488-5A45-457E-9B47-29D5AC32B714}.Ad-Hoc|iPhoneSimulator.Deploy.0 = Release|Any CPU
		{8654E488-5A45-457E-9B47-29D5AC32B714}.Ad-Hoc|x64.ActiveCfg = Release|Any CPU
		{8654E488-5A45-457E-9B47-29D5AC32B714}.Ad-Hoc|x64.Build.0 = Release|Any CPU
		{8654E488-5A45-457E-9B47-29D5AC32B714}.Ad-Hoc|x64.Deploy.0 = Release|Any CPU
		{8654E488-5A45-457E-9B47-29D5AC32B714}.Ad-Hoc|x86.ActiveCfg = Release|Any CPU
		{8654E488-5A45-457E-9B47-29D5AC32B714}.Ad-Hoc|x86.Build.0 = Release|Any CPU
		{8654E488-5A45-457E-9B47-29D5AC32B714}.Ad-Hoc|x86.Deploy.0 = Release|Any CPU
		{8654E488-5A45-457E-9B47-29D5AC32B714}.AppStore|Any CPU.ActiveCfg = Release|Any CPU
		{8654E488-5A45-457E-9B47-29D5AC32B714}.AppStore|Any CPU.Build.0 = Release|Any CPU
		{8654E488-5A45-457E-9B47-29D5AC32B714}.AppStore|Any CPU.Deploy.0 = Release|Any CPU
		{8654E488-5A45-457E-9B47-29D5AC32B714}.AppStore|ARM.ActiveCfg = Release|Any CPU
		{8654E488-5A45-457E-9B47-29D5AC32B714}.AppStore|ARM.Build.0 = Release|Any CPU
		{8654E488-5A45-457E-9B47-29D5AC32B714}.AppStore|ARM.Deploy.0 = Release|Any CPU
		{8654E488-5A45-457E-9B47-29D5AC32B714}.AppStore|iPhone.ActiveCfg = Release|Any CPU
		{8654E488-5A45-457E-9B47-29D5AC32B714}.AppStore|iPhone.Build.0 = Release|Any CPU
		{8654E488-5A45-457E-9B47-29D5AC32B714}.AppStore|iPhone.Deploy.0 = Release|Any CPU
		{8654E488-5A45-457E-9B47-29D5AC32B714}.AppStore|iPhoneSimulator.ActiveCfg = Release|Any CPU
		{8654E488-5A45-457E-9B47-29D5AC32B714}.AppStore|iPhoneSimulator.Build.0 = Release|Any CPU
		{8654E488-5A45-457E-9B47-29D5AC32B714}.AppStore|iPhoneSimulator.Deploy.0 = Release|Any CPU
		{8654E488-5A45-457E-9B47-29D5AC32B714}.AppStore|x64.ActiveCfg = Release|Any CPU
		{8654E488-5A45-457E-9B47-29D5AC32B714}.AppStore|x64.Build.0 = Release|Any CPU
		{8654E488-5A45-457E-9B47-29D5AC32B714}.AppStore|x64.Deploy.0 = Release|Any CPU
		{8654E488-5A45-457E-9B47-29D5AC32B714}.AppStore|x86.ActiveCfg = Release|Any CPU
		{8654E488-5A45-457E-9B47-29D5AC32B714}.AppStore|x86.Build.0 = Release|Any CPU
		{8654E488-5A45-457E-9B47-29D5AC32B714}.AppStore|x86.Deploy.0 = Release|Any CPU
		{8654E488-5A45-457E-9B47-29D5AC32B714}.Debug|Any CPU.ActiveCfg = Debug|Any CPU
		{8654E488-5A45-457E-9B47-29D5AC32B714}.Debug|Any CPU.Build.0 = Debug|Any CPU
		{8654E488-5A45-457E-9B47-29D5AC32B714}.Debug|Any CPU.Deploy.0 = Debug|Any CPU
		{8654E488-5A45-457E-9B47-29D5AC32B714}.Debug|ARM.ActiveCfg = Debug|Any CPU
		{8654E488-5A45-457E-9B47-29D5AC32B714}.Debug|ARM.Build.0 = Debug|Any CPU
		{8654E488-5A45-457E-9B47-29D5AC32B714}.Debug|ARM.Deploy.0 = Debug|Any CPU
		{8654E488-5A45-457E-9B47-29D5AC32B714}.Debug|iPhone.ActiveCfg = Debug|Any CPU
		{8654E488-5A45-457E-9B47-29D5AC32B714}.Debug|iPhone.Build.0 = Debug|Any CPU
		{8654E488-5A45-457E-9B47-29D5AC32B714}.Debug|iPhone.Deploy.0 = Debug|Any CPU
		{8654E488-5A45-457E-9B47-29D5AC32B714}.Debug|iPhoneSimulator.ActiveCfg = Debug|Any CPU
		{8654E488-5A45-457E-9B47-29D5AC32B714}.Debug|iPhoneSimulator.Build.0 = Debug|Any CPU
		{8654E488-5A45-457E-9B47-29D5AC32B714}.Debug|iPhoneSimulator.Deploy.0 = Debug|Any CPU
		{8654E488-5A45-457E-9B47-29D5AC32B714}.Debug|x64.ActiveCfg = Debug|Any CPU
		{8654E488-5A45-457E-9B47-29D5AC32B714}.Debug|x64.Build.0 = Debug|Any CPU
		{8654E488-5A45-457E-9B47-29D5AC32B714}.Debug|x64.Deploy.0 = Debug|Any CPU
		{8654E488-5A45-457E-9B47-29D5AC32B714}.Debug|x86.ActiveCfg = Debug|Any CPU
		{8654E488-5A45-457E-9B47-29D5AC32B714}.Debug|x86.Build.0 = Debug|Any CPU
		{8654E488-5A45-457E-9B47-29D5AC32B714}.Debug|x86.Deploy.0 = Debug|Any CPU
		{8654E488-5A45-457E-9B47-29D5AC32B714}.Release|Any CPU.ActiveCfg = Release|Any CPU
		{8654E488-5A45-457E-9B47-29D5AC32B714}.Release|Any CPU.Build.0 = Release|Any CPU
		{8654E488-5A45-457E-9B47-29D5AC32B714}.Release|Any CPU.Deploy.0 = Release|Any CPU
		{8654E488-5A45-457E-9B47-29D5AC32B714}.Release|ARM.ActiveCfg = Release|Any CPU
		{8654E488-5A45-457E-9B47-29D5AC32B714}.Release|ARM.Build.0 = Release|Any CPU
		{8654E488-5A45-457E-9B47-29D5AC32B714}.Release|ARM.Deploy.0 = Release|Any CPU
		{8654E488-5A45-457E-9B47-29D5AC32B714}.Release|iPhone.ActiveCfg = Release|Any CPU
		{8654E488-5A45-457E-9B47-29D5AC32B714}.Release|iPhone.Build.0 = Release|Any CPU
		{8654E488-5A45-457E-9B47-29D5AC32B714}.Release|iPhone.Deploy.0 = Release|Any CPU
		{8654E488-5A45-457E-9B47-29D5AC32B714}.Release|iPhoneSimulator.ActiveCfg = Release|Any CPU
		{8654E488-5A45-457E-9B47-29D5AC32B714}.Release|iPhoneSimulator.Build.0 = Release|Any CPU
		{8654E488-5A45-457E-9B47-29D5AC32B714}.Release|iPhoneSimulator.Deploy.0 = Release|Any CPU
		{8654E488-5A45-457E-9B47-29D5AC32B714}.Release|x64.ActiveCfg = Release|Any CPU
		{8654E488-5A45-457E-9B47-29D5AC32B714}.Release|x64.Build.0 = Release|Any CPU
		{8654E488-5A45-457E-9B47-29D5AC32B714}.Release|x64.Deploy.0 = Release|Any CPU
		{8654E488-5A45-457E-9B47-29D5AC32B714}.Release|x86.ActiveCfg = Release|Any CPU
		{8654E488-5A45-457E-9B47-29D5AC32B714}.Release|x86.Build.0 = Release|Any CPU
		{8654E488-5A45-457E-9B47-29D5AC32B714}.Release|x86.Deploy.0 = Release|Any CPU
		{03F09633-9BC3-4594-A909-FF72716BBE39}.Ad-Hoc|Any CPU.ActiveCfg = Ad-Hoc|iPhone
		{03F09633-9BC3-4594-A909-FF72716BBE39}.Ad-Hoc|Any CPU.Build.0 = Ad-Hoc|iPhone
		{03F09633-9BC3-4594-A909-FF72716BBE39}.Ad-Hoc|Any CPU.Deploy.0 = Ad-Hoc|iPhone
		{03F09633-9BC3-4594-A909-FF72716BBE39}.Ad-Hoc|ARM.ActiveCfg = Ad-Hoc|iPhone
		{03F09633-9BC3-4594-A909-FF72716BBE39}.Ad-Hoc|ARM.Build.0 = Ad-Hoc|iPhone
		{03F09633-9BC3-4594-A909-FF72716BBE39}.Ad-Hoc|ARM.Deploy.0 = Ad-Hoc|iPhone
		{03F09633-9BC3-4594-A909-FF72716BBE39}.Ad-Hoc|iPhone.ActiveCfg = Ad-Hoc|iPhone
		{03F09633-9BC3-4594-A909-FF72716BBE39}.Ad-Hoc|iPhone.Build.0 = Ad-Hoc|iPhone
		{03F09633-9BC3-4594-A909-FF72716BBE39}.Ad-Hoc|iPhone.Deploy.0 = Ad-Hoc|iPhone
		{03F09633-9BC3-4594-A909-FF72716BBE39}.Ad-Hoc|iPhoneSimulator.ActiveCfg = Ad-Hoc|iPhoneSimulator
		{03F09633-9BC3-4594-A909-FF72716BBE39}.Ad-Hoc|iPhoneSimulator.Build.0 = Ad-Hoc|iPhoneSimulator
		{03F09633-9BC3-4594-A909-FF72716BBE39}.Ad-Hoc|iPhoneSimulator.Deploy.0 = Ad-Hoc|iPhoneSimulator
		{03F09633-9BC3-4594-A909-FF72716BBE39}.Ad-Hoc|x64.ActiveCfg = Ad-Hoc|iPhone
		{03F09633-9BC3-4594-A909-FF72716BBE39}.Ad-Hoc|x64.Build.0 = Ad-Hoc|iPhone
		{03F09633-9BC3-4594-A909-FF72716BBE39}.Ad-Hoc|x64.Deploy.0 = Ad-Hoc|iPhone
		{03F09633-9BC3-4594-A909-FF72716BBE39}.Ad-Hoc|x86.ActiveCfg = Ad-Hoc|iPhone
		{03F09633-9BC3-4594-A909-FF72716BBE39}.Ad-Hoc|x86.Build.0 = Ad-Hoc|iPhone
		{03F09633-9BC3-4594-A909-FF72716BBE39}.Ad-Hoc|x86.Deploy.0 = Ad-Hoc|iPhone
		{03F09633-9BC3-4594-A909-FF72716BBE39}.AppStore|Any CPU.ActiveCfg = AppStore|iPhone
		{03F09633-9BC3-4594-A909-FF72716BBE39}.AppStore|Any CPU.Build.0 = AppStore|iPhone
		{03F09633-9BC3-4594-A909-FF72716BBE39}.AppStore|Any CPU.Deploy.0 = AppStore|iPhone
		{03F09633-9BC3-4594-A909-FF72716BBE39}.AppStore|ARM.ActiveCfg = AppStore|iPhone
		{03F09633-9BC3-4594-A909-FF72716BBE39}.AppStore|ARM.Build.0 = AppStore|iPhone
		{03F09633-9BC3-4594-A909-FF72716BBE39}.AppStore|ARM.Deploy.0 = AppStore|iPhone
		{03F09633-9BC3-4594-A909-FF72716BBE39}.AppStore|iPhone.ActiveCfg = AppStore|iPhone
		{03F09633-9BC3-4594-A909-FF72716BBE39}.AppStore|iPhone.Build.0 = AppStore|iPhone
		{03F09633-9BC3-4594-A909-FF72716BBE39}.AppStore|iPhone.Deploy.0 = AppStore|iPhone
		{03F09633-9BC3-4594-A909-FF72716BBE39}.AppStore|iPhoneSimulator.ActiveCfg = AppStore|iPhoneSimulator
		{03F09633-9BC3-4594-A909-FF72716BBE39}.AppStore|iPhoneSimulator.Build.0 = AppStore|iPhoneSimulator
		{03F09633-9BC3-4594-A909-FF72716BBE39}.AppStore|iPhoneSimulator.Deploy.0 = AppStore|iPhoneSimulator
		{03F09633-9BC3-4594-A909-FF72716BBE39}.AppStore|x64.ActiveCfg = AppStore|iPhone
		{03F09633-9BC3-4594-A909-FF72716BBE39}.AppStore|x64.Build.0 = AppStore|iPhone
		{03F09633-9BC3-4594-A909-FF72716BBE39}.AppStore|x64.Deploy.0 = AppStore|iPhone
		{03F09633-9BC3-4594-A909-FF72716BBE39}.AppStore|x86.ActiveCfg = AppStore|iPhone
		{03F09633-9BC3-4594-A909-FF72716BBE39}.AppStore|x86.Build.0 = AppStore|iPhone
		{03F09633-9BC3-4594-A909-FF72716BBE39}.AppStore|x86.Deploy.0 = AppStore|iPhone
		{03F09633-9BC3-4594-A909-FF72716BBE39}.Debug|Any CPU.ActiveCfg = Debug|iPhoneSimulator
		{03F09633-9BC3-4594-A909-FF72716BBE39}.Debug|Any CPU.Build.0 = Debug|iPhoneSimulator
		{03F09633-9BC3-4594-A909-FF72716BBE39}.Debug|Any CPU.Deploy.0 = Debug|iPhoneSimulator
		{03F09633-9BC3-4594-A909-FF72716BBE39}.Debug|ARM.ActiveCfg = Debug|iPhone
		{03F09633-9BC3-4594-A909-FF72716BBE39}.Debug|ARM.Build.0 = Debug|iPhone
		{03F09633-9BC3-4594-A909-FF72716BBE39}.Debug|ARM.Deploy.0 = Debug|iPhone
		{03F09633-9BC3-4594-A909-FF72716BBE39}.Debug|iPhone.ActiveCfg = Debug|iPhone
		{03F09633-9BC3-4594-A909-FF72716BBE39}.Debug|iPhone.Build.0 = Debug|iPhone
		{03F09633-9BC3-4594-A909-FF72716BBE39}.Debug|iPhone.Deploy.0 = Debug|iPhone
		{03F09633-9BC3-4594-A909-FF72716BBE39}.Debug|iPhoneSimulator.ActiveCfg = Debug|iPhoneSimulator
		{03F09633-9BC3-4594-A909-FF72716BBE39}.Debug|iPhoneSimulator.Build.0 = Debug|iPhoneSimulator
		{03F09633-9BC3-4594-A909-FF72716BBE39}.Debug|iPhoneSimulator.Deploy.0 = Debug|iPhoneSimulator
		{03F09633-9BC3-4594-A909-FF72716BBE39}.Debug|x64.ActiveCfg = Debug|iPhone
		{03F09633-9BC3-4594-A909-FF72716BBE39}.Debug|x64.Build.0 = Debug|iPhone
		{03F09633-9BC3-4594-A909-FF72716BBE39}.Debug|x64.Deploy.0 = Debug|iPhone
		{03F09633-9BC3-4594-A909-FF72716BBE39}.Debug|x86.ActiveCfg = Debug|iPhone
		{03F09633-9BC3-4594-A909-FF72716BBE39}.Debug|x86.Build.0 = Debug|iPhone
		{03F09633-9BC3-4594-A909-FF72716BBE39}.Debug|x86.Deploy.0 = Debug|iPhone
		{03F09633-9BC3-4594-A909-FF72716BBE39}.Release|Any CPU.ActiveCfg = Release|iPhone
		{03F09633-9BC3-4594-A909-FF72716BBE39}.Release|Any CPU.Build.0 = Release|iPhone
		{03F09633-9BC3-4594-A909-FF72716BBE39}.Release|Any CPU.Deploy.0 = Release|iPhone
		{03F09633-9BC3-4594-A909-FF72716BBE39}.Release|ARM.ActiveCfg = Release|iPhone
		{03F09633-9BC3-4594-A909-FF72716BBE39}.Release|ARM.Build.0 = Release|iPhone
		{03F09633-9BC3-4594-A909-FF72716BBE39}.Release|ARM.Deploy.0 = Release|iPhone
		{03F09633-9BC3-4594-A909-FF72716BBE39}.Release|iPhone.ActiveCfg = Release|iPhone
		{03F09633-9BC3-4594-A909-FF72716BBE39}.Release|iPhone.Build.0 = Release|iPhone
		{03F09633-9BC3-4594-A909-FF72716BBE39}.Release|iPhone.Deploy.0 = Release|iPhone
		{03F09633-9BC3-4594-A909-FF72716BBE39}.Release|iPhoneSimulator.ActiveCfg = Release|iPhoneSimulator
		{03F09633-9BC3-4594-A909-FF72716BBE39}.Release|iPhoneSimulator.Build.0 = Release|iPhoneSimulator
		{03F09633-9BC3-4594-A909-FF72716BBE39}.Release|iPhoneSimulator.Deploy.0 = Release|iPhoneSimulator
		{03F09633-9BC3-4594-A909-FF72716BBE39}.Release|x64.ActiveCfg = Release|iPhone
		{03F09633-9BC3-4594-A909-FF72716BBE39}.Release|x64.Build.0 = Release|iPhone
		{03F09633-9BC3-4594-A909-FF72716BBE39}.Release|x64.Deploy.0 = Release|iPhone
		{03F09633-9BC3-4594-A909-FF72716BBE39}.Release|x86.ActiveCfg = Release|iPhone
		{03F09633-9BC3-4594-A909-FF72716BBE39}.Release|x86.Build.0 = Release|iPhone
		{03F09633-9BC3-4594-A909-FF72716BBE39}.Release|x86.Deploy.0 = Release|iPhone
		{F675FF7E-D5E9-4426-B1DE-024EDE5AEC12}.Ad-Hoc|Any CPU.ActiveCfg = Release|x86
		{F675FF7E-D5E9-4426-B1DE-024EDE5AEC12}.Ad-Hoc|Any CPU.Build.0 = Release|x86
		{F675FF7E-D5E9-4426-B1DE-024EDE5AEC12}.Ad-Hoc|Any CPU.Deploy.0 = Release|x86
		{F675FF7E-D5E9-4426-B1DE-024EDE5AEC12}.Ad-Hoc|ARM.ActiveCfg = Release|ARM
		{F675FF7E-D5E9-4426-B1DE-024EDE5AEC12}.Ad-Hoc|ARM.Build.0 = Release|ARM
		{F675FF7E-D5E9-4426-B1DE-024EDE5AEC12}.Ad-Hoc|ARM.Deploy.0 = Release|ARM
		{F675FF7E-D5E9-4426-B1DE-024EDE5AEC12}.Ad-Hoc|iPhone.ActiveCfg = Release|x86
		{F675FF7E-D5E9-4426-B1DE-024EDE5AEC12}.Ad-Hoc|iPhone.Build.0 = Release|x86
		{F675FF7E-D5E9-4426-B1DE-024EDE5AEC12}.Ad-Hoc|iPhone.Deploy.0 = Release|x86
		{F675FF7E-D5E9-4426-B1DE-024EDE5AEC12}.Ad-Hoc|iPhoneSimulator.ActiveCfg = Release|x86
		{F675FF7E-D5E9-4426-B1DE-024EDE5AEC12}.Ad-Hoc|iPhoneSimulator.Build.0 = Release|x86
		{F675FF7E-D5E9-4426-B1DE-024EDE5AEC12}.Ad-Hoc|iPhoneSimulator.Deploy.0 = Release|x86
		{F675FF7E-D5E9-4426-B1DE-024EDE5AEC12}.Ad-Hoc|x64.ActiveCfg = Release|x64
		{F675FF7E-D5E9-4426-B1DE-024EDE5AEC12}.Ad-Hoc|x64.Build.0 = Release|x64
		{F675FF7E-D5E9-4426-B1DE-024EDE5AEC12}.Ad-Hoc|x64.Deploy.0 = Release|x64
		{F675FF7E-D5E9-4426-B1DE-024EDE5AEC12}.Ad-Hoc|x86.ActiveCfg = Release|x86
		{F675FF7E-D5E9-4426-B1DE-024EDE5AEC12}.Ad-Hoc|x86.Build.0 = Release|x86
		{F675FF7E-D5E9-4426-B1DE-024EDE5AEC12}.Ad-Hoc|x86.Deploy.0 = Release|x86
		{F675FF7E-D5E9-4426-B1DE-024EDE5AEC12}.AppStore|Any CPU.ActiveCfg = Release|x86
		{F675FF7E-D5E9-4426-B1DE-024EDE5AEC12}.AppStore|Any CPU.Build.0 = Release|x86
		{F675FF7E-D5E9-4426-B1DE-024EDE5AEC12}.AppStore|Any CPU.Deploy.0 = Release|x86
		{F675FF7E-D5E9-4426-B1DE-024EDE5AEC12}.AppStore|ARM.ActiveCfg = Release|ARM
		{F675FF7E-D5E9-4426-B1DE-024EDE5AEC12}.AppStore|ARM.Build.0 = Release|ARM
		{F675FF7E-D5E9-4426-B1DE-024EDE5AEC12}.AppStore|ARM.Deploy.0 = Release|ARM
		{F675FF7E-D5E9-4426-B1DE-024EDE5AEC12}.AppStore|iPhone.ActiveCfg = Release|x86
		{F675FF7E-D5E9-4426-B1DE-024EDE5AEC12}.AppStore|iPhone.Build.0 = Release|x86
		{F675FF7E-D5E9-4426-B1DE-024EDE5AEC12}.AppStore|iPhone.Deploy.0 = Release|x86
		{F675FF7E-D5E9-4426-B1DE-024EDE5AEC12}.AppStore|iPhoneSimulator.ActiveCfg = Release|x86
		{F675FF7E-D5E9-4426-B1DE-024EDE5AEC12}.AppStore|iPhoneSimulator.Build.0 = Release|x86
		{F675FF7E-D5E9-4426-B1DE-024EDE5AEC12}.AppStore|iPhoneSimulator.Deploy.0 = Release|x86
		{F675FF7E-D5E9-4426-B1DE-024EDE5AEC12}.AppStore|x64.ActiveCfg = Release|x64
		{F675FF7E-D5E9-4426-B1DE-024EDE5AEC12}.AppStore|x64.Build.0 = Release|x64
		{F675FF7E-D5E9-4426-B1DE-024EDE5AEC12}.AppStore|x64.Deploy.0 = Release|x64
		{F675FF7E-D5E9-4426-B1DE-024EDE5AEC12}.AppStore|x86.ActiveCfg = Release|x86
		{F675FF7E-D5E9-4426-B1DE-024EDE5AEC12}.AppStore|x86.Build.0 = Release|x86
		{F675FF7E-D5E9-4426-B1DE-024EDE5AEC12}.AppStore|x86.Deploy.0 = Release|x86
		{F675FF7E-D5E9-4426-B1DE-024EDE5AEC12}.Debug|Any CPU.ActiveCfg = Debug|x86
		{F675FF7E-D5E9-4426-B1DE-024EDE5AEC12}.Debug|Any CPU.Build.0 = Debug|x86
		{F675FF7E-D5E9-4426-B1DE-024EDE5AEC12}.Debug|Any CPU.Deploy.0 = Debug|x86
		{F675FF7E-D5E9-4426-B1DE-024EDE5AEC12}.Debug|ARM.ActiveCfg = Debug|ARM
		{F675FF7E-D5E9-4426-B1DE-024EDE5AEC12}.Debug|ARM.Build.0 = Debug|ARM
		{F675FF7E-D5E9-4426-B1DE-024EDE5AEC12}.Debug|ARM.Deploy.0 = Debug|ARM
		{F675FF7E-D5E9-4426-B1DE-024EDE5AEC12}.Debug|iPhone.ActiveCfg = Debug|x86
		{F675FF7E-D5E9-4426-B1DE-024EDE5AEC12}.Debug|iPhone.Build.0 = Debug|x86
		{F675FF7E-D5E9-4426-B1DE-024EDE5AEC12}.Debug|iPhone.Deploy.0 = Debug|x86
		{F675FF7E-D5E9-4426-B1DE-024EDE5AEC12}.Debug|iPhoneSimulator.ActiveCfg = Debug|x86
		{F675FF7E-D5E9-4426-B1DE-024EDE5AEC12}.Debug|iPhoneSimulator.Build.0 = Debug|x86
		{F675FF7E-D5E9-4426-B1DE-024EDE5AEC12}.Debug|iPhoneSimulator.Deploy.0 = Debug|x86
		{F675FF7E-D5E9-4426-B1DE-024EDE5AEC12}.Debug|x64.ActiveCfg = Debug|x64
		{F675FF7E-D5E9-4426-B1DE-024EDE5AEC12}.Debug|x64.Build.0 = Debug|x64
		{F675FF7E-D5E9-4426-B1DE-024EDE5AEC12}.Debug|x64.Deploy.0 = Debug|x64
		{F675FF7E-D5E9-4426-B1DE-024EDE5AEC12}.Debug|x86.ActiveCfg = Debug|x86
		{F675FF7E-D5E9-4426-B1DE-024EDE5AEC12}.Debug|x86.Build.0 = Debug|x86
		{F675FF7E-D5E9-4426-B1DE-024EDE5AEC12}.Debug|x86.Deploy.0 = Debug|x86
		{F675FF7E-D5E9-4426-B1DE-024EDE5AEC12}.Release|Any CPU.ActiveCfg = Release|x86
		{F675FF7E-D5E9-4426-B1DE-024EDE5AEC12}.Release|Any CPU.Build.0 = Release|x86
		{F675FF7E-D5E9-4426-B1DE-024EDE5AEC12}.Release|Any CPU.Deploy.0 = Release|x86
		{F675FF7E-D5E9-4426-B1DE-024EDE5AEC12}.Release|ARM.ActiveCfg = Release|ARM
		{F675FF7E-D5E9-4426-B1DE-024EDE5AEC12}.Release|ARM.Build.0 = Release|ARM
		{F675FF7E-D5E9-4426-B1DE-024EDE5AEC12}.Release|ARM.Deploy.0 = Release|ARM
		{F675FF7E-D5E9-4426-B1DE-024EDE5AEC12}.Release|iPhone.ActiveCfg = Release|x86
		{F675FF7E-D5E9-4426-B1DE-024EDE5AEC12}.Release|iPhone.Build.0 = Release|x86
		{F675FF7E-D5E9-4426-B1DE-024EDE5AEC12}.Release|iPhone.Deploy.0 = Release|x86
		{F675FF7E-D5E9-4426-B1DE-024EDE5AEC12}.Release|iPhoneSimulator.ActiveCfg = Release|x86
		{F675FF7E-D5E9-4426-B1DE-024EDE5AEC12}.Release|iPhoneSimulator.Build.0 = Release|x86
		{F675FF7E-D5E9-4426-B1DE-024EDE5AEC12}.Release|iPhoneSimulator.Deploy.0 = Release|x86
		{F675FF7E-D5E9-4426-B1DE-024EDE5AEC12}.Release|x64.ActiveCfg = Release|x64
		{F675FF7E-D5E9-4426-B1DE-024EDE5AEC12}.Release|x64.Build.0 = Release|x64
		{F675FF7E-D5E9-4426-B1DE-024EDE5AEC12}.Release|x64.Deploy.0 = Release|x64
		{F675FF7E-D5E9-4426-B1DE-024EDE5AEC12}.Release|x86.ActiveCfg = Release|x86
		{F675FF7E-D5E9-4426-B1DE-024EDE5AEC12}.Release|x86.Build.0 = Release|x86
		{F675FF7E-D5E9-4426-B1DE-024EDE5AEC12}.Release|x86.Deploy.0 = Release|x86
		{689E9A05-470D-439E-938C-39964CABD8C6}.Ad-Hoc|Any CPU.ActiveCfg = Debug|Any CPU
		{689E9A05-470D-439E-938C-39964CABD8C6}.Ad-Hoc|Any CPU.Build.0 = Debug|Any CPU
		{689E9A05-470D-439E-938C-39964CABD8C6}.Ad-Hoc|Any CPU.Deploy.0 = Debug|Any CPU
		{689E9A05-470D-439E-938C-39964CABD8C6}.Ad-Hoc|ARM.ActiveCfg = Debug|Any CPU
		{689E9A05-470D-439E-938C-39964CABD8C6}.Ad-Hoc|ARM.Build.0 = Debug|Any CPU
		{689E9A05-470D-439E-938C-39964CABD8C6}.Ad-Hoc|ARM.Deploy.0 = Debug|Any CPU
		{689E9A05-470D-439E-938C-39964CABD8C6}.Ad-Hoc|iPhone.ActiveCfg = Debug|Any CPU
		{689E9A05-470D-439E-938C-39964CABD8C6}.Ad-Hoc|iPhone.Build.0 = Debug|Any CPU
		{689E9A05-470D-439E-938C-39964CABD8C6}.Ad-Hoc|iPhone.Deploy.0 = Debug|Any CPU
		{689E9A05-470D-439E-938C-39964CABD8C6}.Ad-Hoc|iPhoneSimulator.ActiveCfg = Debug|Any CPU
		{689E9A05-470D-439E-938C-39964CABD8C6}.Ad-Hoc|iPhoneSimulator.Build.0 = Debug|Any CPU
		{689E9A05-470D-439E-938C-39964CABD8C6}.Ad-Hoc|iPhoneSimulator.Deploy.0 = Debug|Any CPU
		{689E9A05-470D-439E-938C-39964CABD8C6}.Ad-Hoc|x64.ActiveCfg = Debug|Any CPU
		{689E9A05-470D-439E-938C-39964CABD8C6}.Ad-Hoc|x64.Build.0 = Debug|Any CPU
		{689E9A05-470D-439E-938C-39964CABD8C6}.Ad-Hoc|x64.Deploy.0 = Debug|Any CPU
		{689E9A05-470D-439E-938C-39964CABD8C6}.Ad-Hoc|x86.ActiveCfg = Debug|Any CPU
		{689E9A05-470D-439E-938C-39964CABD8C6}.Ad-Hoc|x86.Build.0 = Debug|Any CPU
		{689E9A05-470D-439E-938C-39964CABD8C6}.Ad-Hoc|x86.Deploy.0 = Debug|Any CPU
		{689E9A05-470D-439E-938C-39964CABD8C6}.AppStore|Any CPU.ActiveCfg = Debug|Any CPU
		{689E9A05-470D-439E-938C-39964CABD8C6}.AppStore|Any CPU.Build.0 = Debug|Any CPU
		{689E9A05-470D-439E-938C-39964CABD8C6}.AppStore|Any CPU.Deploy.0 = Debug|Any CPU
		{689E9A05-470D-439E-938C-39964CABD8C6}.AppStore|ARM.ActiveCfg = Debug|Any CPU
		{689E9A05-470D-439E-938C-39964CABD8C6}.AppStore|ARM.Build.0 = Debug|Any CPU
		{689E9A05-470D-439E-938C-39964CABD8C6}.AppStore|ARM.Deploy.0 = Debug|Any CPU
		{689E9A05-470D-439E-938C-39964CABD8C6}.AppStore|iPhone.ActiveCfg = Debug|Any CPU
		{689E9A05-470D-439E-938C-39964CABD8C6}.AppStore|iPhone.Build.0 = Debug|Any CPU
		{689E9A05-470D-439E-938C-39964CABD8C6}.AppStore|iPhone.Deploy.0 = Debug|Any CPU
		{689E9A05-470D-439E-938C-39964CABD8C6}.AppStore|iPhoneSimulator.ActiveCfg = Debug|Any CPU
		{689E9A05-470D-439E-938C-39964CABD8C6}.AppStore|iPhoneSimulator.Build.0 = Debug|Any CPU
		{689E9A05-470D-439E-938C-39964CABD8C6}.AppStore|iPhoneSimulator.Deploy.0 = Debug|Any CPU
		{689E9A05-470D-439E-938C-39964CABD8C6}.AppStore|x64.ActiveCfg = Debug|Any CPU
		{689E9A05-470D-439E-938C-39964CABD8C6}.AppStore|x64.Build.0 = Debug|Any CPU
		{689E9A05-470D-439E-938C-39964CABD8C6}.AppStore|x64.Deploy.0 = Debug|Any CPU
		{689E9A05-470D-439E-938C-39964CABD8C6}.AppStore|x86.ActiveCfg = Debug|Any CPU
		{689E9A05-470D-439E-938C-39964CABD8C6}.AppStore|x86.Build.0 = Debug|Any CPU
		{689E9A05-470D-439E-938C-39964CABD8C6}.AppStore|x86.Deploy.0 = Debug|Any CPU
		{689E9A05-470D-439E-938C-39964CABD8C6}.Debug|Any CPU.ActiveCfg = Debug|Any CPU
		{689E9A05-470D-439E-938C-39964CABD8C6}.Debug|Any CPU.Build.0 = Debug|Any CPU
		{689E9A05-470D-439E-938C-39964CABD8C6}.Debug|Any CPU.Deploy.0 = Debug|Any CPU
		{689E9A05-470D-439E-938C-39964CABD8C6}.Debug|ARM.ActiveCfg = Debug|Any CPU
		{689E9A05-470D-439E-938C-39964CABD8C6}.Debug|ARM.Build.0 = Debug|Any CPU
		{689E9A05-470D-439E-938C-39964CABD8C6}.Debug|ARM.Deploy.0 = Debug|Any CPU
		{689E9A05-470D-439E-938C-39964CABD8C6}.Debug|iPhone.ActiveCfg = Debug|Any CPU
		{689E9A05-470D-439E-938C-39964CABD8C6}.Debug|iPhone.Build.0 = Debug|Any CPU
		{689E9A05-470D-439E-938C-39964CABD8C6}.Debug|iPhone.Deploy.0 = Debug|Any CPU
		{689E9A05-470D-439E-938C-39964CABD8C6}.Debug|iPhoneSimulator.ActiveCfg = Debug|Any CPU
		{689E9A05-470D-439E-938C-39964CABD8C6}.Debug|iPhoneSimulator.Build.0 = Debug|Any CPU
		{689E9A05-470D-439E-938C-39964CABD8C6}.Debug|iPhoneSimulator.Deploy.0 = Debug|Any CPU
		{689E9A05-470D-439E-938C-39964CABD8C6}.Debug|x64.ActiveCfg = Debug|Any CPU
		{689E9A05-470D-439E-938C-39964CABD8C6}.Debug|x64.Build.0 = Debug|Any CPU
		{689E9A05-470D-439E-938C-39964CABD8C6}.Debug|x64.Deploy.0 = Debug|Any CPU
		{689E9A05-470D-439E-938C-39964CABD8C6}.Debug|x86.ActiveCfg = Debug|Any CPU
		{689E9A05-470D-439E-938C-39964CABD8C6}.Debug|x86.Build.0 = Debug|Any CPU
		{689E9A05-470D-439E-938C-39964CABD8C6}.Debug|x86.Deploy.0 = Debug|Any CPU
		{689E9A05-470D-439E-938C-39964CABD8C6}.Release|Any CPU.ActiveCfg = Release|Any CPU
		{689E9A05-470D-439E-938C-39964CABD8C6}.Release|Any CPU.Build.0 = Release|Any CPU
		{689E9A05-470D-439E-938C-39964CABD8C6}.Release|Any CPU.Deploy.0 = Release|Any CPU
		{689E9A05-470D-439E-938C-39964CABD8C6}.Release|ARM.ActiveCfg = Release|Any CPU
		{689E9A05-470D-439E-938C-39964CABD8C6}.Release|ARM.Build.0 = Release|Any CPU
		{689E9A05-470D-439E-938C-39964CABD8C6}.Release|ARM.Deploy.0 = Release|Any CPU
		{689E9A05-470D-439E-938C-39964CABD8C6}.Release|iPhone.ActiveCfg = Release|Any CPU
		{689E9A05-470D-439E-938C-39964CABD8C6}.Release|iPhone.Build.0 = Release|Any CPU
		{689E9A05-470D-439E-938C-39964CABD8C6}.Release|iPhone.Deploy.0 = Release|Any CPU
		{689E9A05-470D-439E-938C-39964CABD8C6}.Release|iPhoneSimulator.ActiveCfg = Release|Any CPU
		{689E9A05-470D-439E-938C-39964CABD8C6}.Release|iPhoneSimulator.Build.0 = Release|Any CPU
		{689E9A05-470D-439E-938C-39964CABD8C6}.Release|iPhoneSimulator.Deploy.0 = Release|Any CPU
		{689E9A05-470D-439E-938C-39964CABD8C6}.Release|x64.ActiveCfg = Release|Any CPU
		{689E9A05-470D-439E-938C-39964CABD8C6}.Release|x64.Build.0 = Release|Any CPU
		{689E9A05-470D-439E-938C-39964CABD8C6}.Release|x64.Deploy.0 = Release|Any CPU
		{689E9A05-470D-439E-938C-39964CABD8C6}.Release|x86.ActiveCfg = Release|Any CPU
		{689E9A05-470D-439E-938C-39964CABD8C6}.Release|x86.Build.0 = Release|Any CPU
		{689E9A05-470D-439E-938C-39964CABD8C6}.Release|x86.Deploy.0 = Release|Any CPU
	EndGlobalSection
	GlobalSection(SolutionProperties) = preSolution
		HideSolutionNode = FALSE
	EndGlobalSection
	GlobalSection(ExtensibilityGlobals) = postSolution
		SolutionGuid = {436396DC-6817-466B-A303-9D8687421765}
	EndGlobalSection
EndGlobal
